
Microsoft Visual Studio Solution File, Format Version 12.00
# Visual Studio Version 17
VisualStudioVersion = 17.5.33424.131
MinimumVisualStudioVersion = 10.0.40219.1
Project("{FAE04EC0-301F-11D3-BF4B-00C04F79EFBC}") = "ProyectoGrado", "ProyectoGrado\ProyectoGrado.csproj", "{7F747059-6561-469E-BB2E-457BA257FD27}"
EndProject
Global
	GlobalSection(SolutionConfigurationPlatforms) = preSolution
		Debug|Any CPU = Debug|Any CPU
		Release|Any CPU = Release|Any CPU
	EndGlobalSection
	GlobalSection(ProjectConfigurationPlatforms) = postSolution
		{7F747059-6561-469E-BB2E-457BA257FD27}.Debug|Any CPU.ActiveCfg = Debug|Any CPU
		{7F747059-6561-469E-BB2E-457BA257FD27}.Debug|Any CPU.Build.0 = Debug|Any CPU
		{7F747059-6561-469E-BB2E-457BA257FD27}.Release|Any CPU.ActiveCfg = Release|Any CPU
		{7F747059-6561-469E-BB2E-457BA257FD27}.Release|Any CPU.Build.0 = Release|Any CPU
	EndGlobalSection
	GlobalSection(SolutionProperties) = preSolution
		HideSolutionNode = FALSE
	EndGlobalSection
	GlobalSection(ExtensibilityGlobals) = postSolution
		SolutionGuid = {875C03EB-E23D-428B-BDAF-3A8F393F1E17}
	EndGlobalSection
EndGlobal
